// !$*UTF8*$!
{
	archiveVersion = 1;
	classes = {
	};
	objectVersion = 50;
	objects = {

/* Begin PBXBuildFile section */
		1719975123ED33D60078DAD6 /* AppDelegate.swift in Sources */ = {isa = PBXBuildFile; fileRef = 1719975023ED33D60078DAD6 /* AppDelegate.swift */; };
		1719975A23ED33DC0078DAD6 /* Assets.xcassets in Resources */ = {isa = PBXBuildFile; fileRef = 1719975923ED33DC0078DAD6 /* Assets.xcassets */; };
		1719975D23ED33DC0078DAD6 /* LaunchScreen.storyboard in Resources */ = {isa = PBXBuildFile; fileRef = 1719975B23ED33DC0078DAD6 /* LaunchScreen.storyboard */; };
		1719976723ED34B90078DAD6 /* UIViewControllerExtension.swift in Sources */ = {isa = PBXBuildFile; fileRef = 1719976623ED34B90078DAD6 /* UIViewControllerExtension.swift */; };
		1719976A23ED35440078DAD6 /* APIService.swift in Sources */ = {isa = PBXBuildFile; fileRef = 1719976923ED35440078DAD6 /* APIService.swift */; };
		1719977023ED3D880078DAD6 /* DashViewController.swift in Sources */ = {isa = PBXBuildFile; fileRef = 1719976E23ED3D880078DAD6 /* DashViewController.swift */; };
		1719977123ED3D880078DAD6 /* DashViewController.xib in Resources */ = {isa = PBXBuildFile; fileRef = 1719976F23ED3D880078DAD6 /* DashViewController.xib */; };
		1719977423ED400A0078DAD6 /* CurrenciesAPIModel.swift in Sources */ = {isa = PBXBuildFile; fileRef = 1719977323ED400A0078DAD6 /* CurrenciesAPIModel.swift */; };
		171997B423ED575C0078DAD6 /* DashViewModel.swift in Sources */ = {isa = PBXBuildFile; fileRef = 171997B323ED575C0078DAD6 /* DashViewModel.swift */; };
/* End PBXBuildFile section */

/* Begin PBXFileReference section */
		1719974D23ED33D60078DAD6 /* MobileDevPayPayTest.app */ = {isa = PBXFileReference; explicitFileType = wrapper.application; includeInIndex = 0; path = MobileDevPayPayTest.app; sourceTree = BUILT_PRODUCTS_DIR; };
		1719975023ED33D60078DAD6 /* AppDelegate.swift */ = {isa = PBXFileReference; lastKnownFileType = sourcecode.swift; path = AppDelegate.swift; sourceTree = "<group>"; };
		1719975923ED33DC0078DAD6 /* Assets.xcassets */ = {isa = PBXFileReference; lastKnownFileType = folder.assetcatalog; path = Assets.xcassets; sourceTree = "<group>"; };
		1719975C23ED33DC0078DAD6 /* Base */ = {isa = PBXFileReference; lastKnownFileType = file.storyboard; name = Base; path = Base.lproj/LaunchScreen.storyboard; sourceTree = "<group>"; };
		1719975E23ED33DC0078DAD6 /* Info.plist */ = {isa = PBXFileReference; lastKnownFileType = text.plist.xml; path = Info.plist; sourceTree = "<group>"; };
		1719976623ED34B90078DAD6 /* UIViewControllerExtension.swift */ = {isa = PBXFileReference; lastKnownFileType = sourcecode.swift; path = UIViewControllerExtension.swift; sourceTree = "<group>"; };
		1719976923ED35440078DAD6 /* APIService.swift */ = {isa = PBXFileReference; lastKnownFileType = sourcecode.swift; path = APIService.swift; sourceTree = "<group>"; };
		1719976E23ED3D880078DAD6 /* DashViewController.swift */ = {isa = PBXFileReference; lastKnownFileType = sourcecode.swift; path = DashViewController.swift; sourceTree = "<group>"; };
		1719976F23ED3D880078DAD6 /* DashViewController.xib */ = {isa = PBXFileReference; lastKnownFileType = file.xib; path = DashViewController.xib; sourceTree = "<group>"; };
		1719977323ED400A0078DAD6 /* CurrenciesAPIModel.swift */ = {isa = PBXFileReference; lastKnownFileType = sourcecode.swift; path = CurrenciesAPIModel.swift; sourceTree = "<group>"; };
		171997B323ED575C0078DAD6 /* DashViewModel.swift */ = {isa = PBXFileReference; lastKnownFileType = sourcecode.swift; path = DashViewModel.swift; sourceTree = "<group>"; };
/* End PBXFileReference section */

/* Begin PBXFrameworksBuildPhase section */
		1719974A23ED33D60078DAD6 /* Frameworks */ = {
			isa = PBXFrameworksBuildPhase;
			buildActionMask = 2147483647;
			files = (
			);
			runOnlyForDeploymentPostprocessing = 0;
		};
/* End PBXFrameworksBuildPhase section */

/* Begin PBXGroup section */
		1719974423ED33D60078DAD6 = {
			isa = PBXGroup;
			children = (
				1719974F23ED33D60078DAD6 /* MobileDevPayPayTest */,
				1719974E23ED33D60078DAD6 /* Products */,
			);
			sourceTree = "<group>";
		};
		1719974E23ED33D60078DAD6 /* Products */ = {
			isa = PBXGroup;
			children = (
				1719974D23ED33D60078DAD6 /* MobileDevPayPayTest.app */,
			);
			name = Products;
			sourceTree = "<group>";
		};
		1719974F23ED33D60078DAD6 /* MobileDevPayPayTest */ = {
			isa = PBXGroup;
			children = (
				1719977223ED3F880078DAD6 /* APIModel */,
				1719976823ED35130078DAD6 /* Services */,
				1719976523ED34540078DAD6 /* Extensions */,
				1719976423ED34480078DAD6 /* Controllers */,
				1719975023ED33D60078DAD6 /* AppDelegate.swift */,
				1719975923ED33DC0078DAD6 /* Assets.xcassets */,
				1719975B23ED33DC0078DAD6 /* LaunchScreen.storyboard */,
				1719975E23ED33DC0078DAD6 /* Info.plist */,
			);
			path = MobileDevPayPayTest;
			sourceTree = "<group>";
		};
		1719976423ED34480078DAD6 /* Controllers */ = {
			isa = PBXGroup;
			children = (
				1719976E23ED3D880078DAD6 /* DashViewController.swift */,
				1719976F23ED3D880078DAD6 /* DashViewController.xib */,
				171997B323ED575C0078DAD6 /* DashViewModel.swift */,
			);
			path = Controllers;
			sourceTree = "<group>";
		};
		1719976523ED34540078DAD6 /* Extensions */ = {
			isa = PBXGroup;
			children = (
				1719976623ED34B90078DAD6 /* UIViewControllerExtension.swift */,
			);
			path = Extensions;
			sourceTree = "<group>";
		};
		1719976823ED35130078DAD6 /* Services */ = {
			isa = PBXGroup;
			children = (
				1719976B23ED37D40078DAD6 /* Networking */,
			);
			path = Services;
			sourceTree = "<group>";
		};
		1719976B23ED37D40078DAD6 /* Networking */ = {
			isa = PBXGroup;
			children = (
				1719976923ED35440078DAD6 /* APIService.swift */,
			);
			path = Networking;
			sourceTree = "<group>";
		};
		1719977223ED3F880078DAD6 /* APIModel */ = {
			isa = PBXGroup;
			children = (
				1719977323ED400A0078DAD6 /* CurrenciesAPIModel.swift */,
			);
			path = APIModel;
			sourceTree = "<group>";
		};
/* End PBXGroup section */

/* Begin PBXNativeTarget section */
		1719974C23ED33D60078DAD6 /* MobileDevPayPayTest */ = {
			isa = PBXNativeTarget;
			buildConfigurationList = 1719976123ED33DC0078DAD6 /* Build configuration list for PBXNativeTarget "MobileDevPayPayTest" */;
			buildPhases = (
				1719974923ED33D60078DAD6 /* Sources */,
				1719974A23ED33D60078DAD6 /* Frameworks */,
				1719974B23ED33D60078DAD6 /* Resources */,
			);
			buildRules = (
			);
			dependencies = (
			);
			name = MobileDevPayPayTest;
			productName = MobileDevPayPayTest;
			productReference = 1719974D23ED33D60078DAD6 /* MobileDevPayPayTest.app */;
			productType = "com.apple.product-type.application";
		};
/* End PBXNativeTarget section */

/* Begin PBXProject section */
		1719974523ED33D60078DAD6 /* Project object */ = {
			isa = PBXProject;
			attributes = {
				LastSwiftUpdateCheck = 1120;
				LastUpgradeCheck = 1120;
				ORGANIZATIONNAME = "Robert John Alkuino";
				TargetAttributes = {
					1719974C23ED33D60078DAD6 = {
						CreatedOnToolsVersion = 11.2.1;
					};
				};
			};
			buildConfigurationList = 1719974823ED33D60078DAD6 /* Build configuration list for PBXProject "MobileDevPayPayTest" */;
			compatibilityVersion = "Xcode 9.3";
			developmentRegion = en;
			hasScannedForEncodings = 0;
			knownRegions = (
				en,
				Base,
			);
			mainGroup = 1719974423ED33D60078DAD6;
			productRefGroup = 1719974E23ED33D60078DAD6 /* Products */;
			projectDirPath = "";
			projectRoot = "";
			targets = (
				1719974C23ED33D60078DAD6 /* MobileDevPayPayTest */,
			);
		};
/* End PBXProject section */

/* Begin PBXResourcesBuildPhase section */
		1719974B23ED33D60078DAD6 /* Resources */ = {
			isa = PBXResourcesBuildPhase;
			buildActionMask = 2147483647;
			files = (
				1719975D23ED33DC0078DAD6 /* LaunchScreen.storyboard in Resources */,
				1719975A23ED33DC0078DAD6 /* Assets.xcassets in Resources */,
				1719977123ED3D880078DAD6 /* DashViewController.xib in Resources */,
			);
			runOnlyForDeploymentPostprocessing = 0;
		};
/* End PBXResourcesBuildPhase section */

/* Begin PBXSourcesBuildPhase section */
		1719974923ED33D60078DAD6 /* Sources */ = {
			isa = PBXSourcesBuildPhase;
			buildActionMask = 2147483647;
			files = (
				1719975123ED33D60078DAD6 /* AppDelegate.swift in Sources */,
				1719977423ED400A0078DAD6 /* CurrenciesAPIModel.swift in Sources */,
				1719977023ED3D880078DAD6 /* DashViewController.swift in Sources */,
				1719976A23ED35440078DAD6 /* APIService.swift in Sources */,
				171997B423ED575C0078DAD6 /* DashViewModel.swift in Sources */,
				1719976723ED34B90078DAD6 /* UIViewControllerExtension.swift in Sources */,
			);
			runOnlyForDeploymentPostprocessing = 0;
		};
/* End PBXSourcesBuildPhase section */

/* Begin PBXVariantGroup section */
		1719975B23ED33DC0078DAD6 /* LaunchScreen.storyboard */ = {
			isa = PBXVariantGroup;
			children = (
				1719975C23ED33DC0078DAD6 /* Base */,
			);
			name = LaunchScreen.storyboard;
			sourceTree = "<group>";
		};
/* End PBXVariantGroup section */

/* Begin XCBuildConfiguration section */
		1719975F23ED33DC0078DAD6 /* Debug */ = {
			isa = XCBuildConfiguration;
			buildSettings = {
				ALWAYS_SEARCH_USER_PATHS = NO;
				CLANG_ANALYZER_NONNULL = YES;
				CLANG_ANALYZER_NUMBER_OBJECT_CONVERSION = YES_AGGRESSIVE;
				CLANG_CXX_LANGUAGE_STANDARD = "gnu++14";
				CLANG_CXX_LIBRARY = "libc++";
				CLANG_ENABLE_MODULES = YES;
				CLANG_ENABLE_OBJC_ARC = YES;
				CLANG_ENABLE_OBJC_WEAK = YES;
				CLANG_WARN_BLOCK_CAPTURE_AUTORELEASING = YES;
				CLANG_WARN_BOOL_CONVERSION = YES;
				CLANG_WARN_COMMA = YES;
				CLANG_WARN_CONSTANT_CONVERSION = YES;
				CLANG_WARN_DEPRECATED_OBJC_IMPLEMENTATIONS = YES;
				CLANG_WARN_DIRECT_OBJC_ISA_USAGE = YES_ERROR;
				CLANG_WARN_DOCUMENTATION_COMMENTS = YES;
				CLANG_WARN_EMPTY_BODY = YES;
				CLANG_WARN_ENUM_CONVERSION = YES;
				CLANG_WARN_INFINITE_RECURSION = YES;
				CLANG_WARN_INT_CONVERSION = YES;
				CLANG_WARN_NON_LITERAL_NULL_CONVERSION = YES;
				CLANG_WARN_OBJC_IMPLICIT_RETAIN_SELF = YES;
				CLANG_WARN_OBJC_LITERAL_CONVERSION = YES;
				CLANG_WARN_OBJC_ROOT_CLASS = YES_ERROR;
				CLANG_WARN_RANGE_LOOP_ANALYSIS = YES;
				CLANG_WARN_STRICT_PROTOTYPES = YES;
				CLANG_WARN_SUSPICIOUS_MOVE = YES;
				CLANG_WARN_UNGUARDED_AVAILABILITY = YES_AGGRESSIVE;
				CLANG_WARN_UNREACHABLE_CODE = YES;
				CLANG_WARN__DUPLICATE_METHOD_MATCH = YES;
				COPY_PHASE_STRIP = NO;
				DEBUG_INFORMATION_FORMAT = dwarf;
				ENABLE_STRICT_OBJC_MSGSEND = YES;
				ENABLE_TESTABILITY = YES;
				GCC_C_LANGUAGE_STANDARD = gnu11;
				GCC_DYNAMIC_NO_PIC = NO;
				GCC_NO_COMMON_BLOCKS = YES;
				GCC_OPTIMIZATION_LEVEL = 0;
				GCC_PREPROCESSOR_DEFINITIONS = (
					"DEBUG=1",
					"$(inherited)",
				);
				GCC_WARN_64_TO_32_BIT_CONVERSION = YES;
				GCC_WARN_ABOUT_RETURN_TYPE = YES_ERROR;
				GCC_WARN_UNDECLARED_SELECTOR = YES;
				GCC_WARN_UNINITIALIZED_AUTOS = YES_AGGRESSIVE;
				GCC_WARN_UNUSED_FUNCTION = YES;
				GCC_WARN_UNUSED_VARIABLE = YES;
				IPHONEOS_DEPLOYMENT_TARGET = 13.2;
				MTL_ENABLE_DEBUG_INFO = INCLUDE_SOURCE;
				MTL_FAST_MATH = YES;
				ONLY_ACTIVE_ARCH = YES;
				SDKROOT = iphoneos;
				SWIFT_ACTIVE_COMPILATION_CONDITIONS = DEBUG;
				SWIFT_OPTIMIZATION_LEVEL = "-Onone";
			};
			name = Debug;
		};
		1719976023ED33DC0078DAD6 /* Release */ = {
			isa = XCBuildConfiguration;
			buildSettings = {
				ALWAYS_SEARCH_USER_PATHS = NO;
				CLANG_ANALYZER_NONNULL = YES;
				CLANG_ANALYZER_NUMBER_OBJECT_CONVERSION = YES_AGGRESSIVE;
				CLANG_CXX_LANGUAGE_STANDARD = "gnu++14";
				CLANG_CXX_LIBRARY = "libc++";
				CLANG_ENABLE_MODULES = YES;
				CLANG_ENABLE_OBJC_ARC = YES;
				CLANG_ENABLE_OBJC_WEAK = YES;
				CLANG_WARN_BLOCK_CAPTURE_AUTORELEASING = YES;
				CLANG_WARN_BOOL_CONVERSION = YES;
				CLANG_WARN_COMMA = YES;
				CLANG_WARN_CONSTANT_CONVERSION = YES;
				CLANG_WARN_DEPRECATED_OBJC_IMPLEMENTATIONS = YES;
				CLANG_WARN_DIRECT_OBJC_ISA_USAGE = YES_ERROR;
				CLANG_WARN_DOCUMENTATION_COMMENTS = YES;
				CLANG_WARN_EMPTY_BODY = YES;
				CLANG_WARN_ENUM_CONVERSION = YES;
				CLANG_WARN_INFINITE_RECURSION = YES;
				CLANG_WARN_INT_CONVERSION = YES;
				CLANG_WARN_NON_LITERAL_NULL_CONVERSION = YES;
				CLANG_WARN_OBJC_IMPLICIT_RETAIN_SELF = YES;
				CLANG_WARN_OBJC_LITERAL_CONVERSION = YES;
				CLANG_WARN_OBJC_ROOT_CLASS = YES_ERROR;
				CLANG_WARN_RANGE_LOOP_ANALYSIS = YES;
				CLANG_WARN_STRICT_PROTOTYPES = YES;
				CLANG_WARN_SUSPICIOUS_MOVE = YES;
				CLANG_WARN_UNGUARDED_AVAILABILITY = YES_AGGRESSIVE;
				CLANG_WARN_UNREACHABLE_CODE = YES;
				CLANG_WARN__DUPLICATE_METHOD_MATCH = YES;
				COPY_PHASE_STRIP = NO;
				DEBUG_INFORMATION_FORMAT = "dwarf-with-dsym";
				ENABLE_NS_ASSERTIONS = NO;
				ENABLE_STRICT_OBJC_MSGSEND = YES;
				GCC_C_LANGUAGE_STANDARD = gnu11;
				GCC_NO_COMMON_BLOCKS = YES;
				GCC_WARN_64_TO_32_BIT_CONVERSION = YES;
				GCC_WARN_ABOUT_RETURN_TYPE = YES_ERROR;
				GCC_WARN_UNDECLARED_SELECTOR = YES;
				GCC_WARN_UNINITIALIZED_AUTOS = YES_AGGRESSIVE;
				GCC_WARN_UNUSED_FUNCTION = YES;
				GCC_WARN_UNUSED_VARIABLE = YES;
				IPHONEOS_DEPLOYMENT_TARGET = 13.2;
				MTL_ENABLE_DEBUG_INFO = NO;
				MTL_FAST_MATH = YES;
				SDKROOT = iphoneos;
				SWIFT_COMPILATION_MODE = wholemodule;
				SWIFT_OPTIMIZATION_LEVEL = "-O";
				VALIDATE_PRODUCT = YES;
			};
			name = Release;
		};
		1719976223ED33DC0078DAD6 /* Debug */ = {
			isa = XCBuildConfiguration;
			buildSettings = {
				ASSETCATALOG_COMPILER_APPICON_NAME = AppIcon;
				CODE_SIGN_STYLE = Automatic;
				INFOPLIST_FILE = MobileDevPayPayTest/Info.plist;
				LD_RUNPATH_SEARCH_PATHS = (
					"$(inherited)",
					"@executable_path/Frameworks",
				);
				PRODUCT_BUNDLE_IDENTIFIER = com.alkuino.MobileDevPayPayTest;
				PRODUCT_NAME = "$(TARGET_NAME)";
				SWIFT_VERSION = 5.0;
				TARGETED_DEVICE_FAMILY = "1,2";
			};
			name = Debug;
		};
		1719976323ED33DC0078DAD6 /* Release */ = {
			isa = XCBuildConfiguration;
			buildSettings = {
				ASSETCATALOG_COMPILER_APPICON_NAME = AppIcon;
				CODE_SIGN_STYLE = Automatic;
				INFOPLIST_FILE = MobileDevPayPayTest/Info.plist;
				LD_RUNPATH_SEARCH_PATHS = (
					"$(inherited)",
					"@executable_path/Frameworks",
				);
				PRODUCT_BUNDLE_IDENTIFIER = com.alkuino.MobileDevPayPayTest;
				PRODUCT_NAME = "$(TARGET_NAME)";
				SWIFT_VERSION = 5.0;
				TARGETED_DEVICE_FAMILY = "1,2";
			};
			name = Release;
		};
/* End XCBuildConfiguration section */

/* Begin XCConfigurationList section */
		1719974823ED33D60078DAD6 /* Build configuration list for PBXProject "MobileDevPayPayTest" */ = {
			isa = XCConfigurationList;
			buildConfigurations = (
				1719975F23ED33DC0078DAD6 /* Debug */,
				1719976023ED33DC0078DAD6 /* Release */,
			);
			defaultConfigurationIsVisible = 0;
			defaultConfigurationName = Release;
		};
		1719976123ED33DC0078DAD6 /* Build configuration list for PBXNativeTarget "MobileDevPayPayTest" */ = {
			isa = XCConfigurationList;
			buildConfigurations = (
				1719976223ED33DC0078DAD6 /* Debug */,
				1719976323ED33DC0078DAD6 /* Release */,
			);
			defaultConfigurationIsVisible = 0;
			defaultConfigurationName = Release;
		};
/* End XCConfigurationList section */
	};
	rootObject = 1719974523ED33D60078DAD6 /* Project object */;
}
